
Microsoft Visual Studio Solution File, Format Version 12.00
# Visual Studio Version 16
VisualStudioVersion = 16.0.30406.217
MinimumVisualStudioVersion = 10.0.40219.1
Project("{FAE04EC0-301F-11D3-BF4B-00C04F79EFBC}") = "Mini-CStructor.Website", "Mini-CStructor.Website\Mini-CStructor.Website.csproj", "{87439265-C7E0-44B6-BEE8-13552C11FFA9}"
EndProject
Project("{FAE04EC0-301F-11D3-BF4B-00C04F79EFBC}") = "Mini-CStructor.Database", "Mini-CStructor.Database\Mini-CStructor.Database.csproj", "{B3E97CEC-A4EF-4161-B259-130C74E0DAE1}"
EndProject
Project("{FAE04EC0-301F-11D3-BF4B-00C04F79EFBC}") = "Mini-CStructor.Business", "Mini-CStructor.Business\Mini-CStructor.Business.csproj", "{6E664B02-3D0D-4584-BDC8-EFEFFB642407}"
EndProject
Project("{FAE04EC0-301F-11D3-BF4B-00C04F79EFBC}") = "Mini-CStructor.Repository", "Mini-CStructor.Repository\Mini-CStructor.Repository.csproj", "{CF899244-AC15-4585-820D-EA7192999A7A}"
EndProject
Global
	GlobalSection(SolutionConfigurationPlatforms) = preSolution
		Debug|Any CPU = Debug|Any CPU
		Release|Any CPU = Release|Any CPU
	EndGlobalSection
	GlobalSection(ProjectConfigurationPlatforms) = postSolution
		{87439265-C7E0-44B6-BEE8-13552C11FFA9}.Debug|Any CPU.ActiveCfg = Debug|Any CPU
		{87439265-C7E0-44B6-BEE8-13552C11FFA9}.Debug|Any CPU.Build.0 = Debug|Any CPU
		{87439265-C7E0-44B6-BEE8-13552C11FFA9}.Release|Any CPU.ActiveCfg = Release|Any CPU
		{87439265-C7E0-44B6-BEE8-13552C11FFA9}.Release|Any CPU.Build.0 = Release|Any CPU
		{B3E97CEC-A4EF-4161-B259-130C74E0DAE1}.Debug|Any CPU.ActiveCfg = Debug|Any CPU
		{B3E97CEC-A4EF-4161-B259-130C74E0DAE1}.Debug|Any CPU.Build.0 = Debug|Any CPU
		{B3E97CEC-A4EF-4161-B259-130C74E0DAE1}.Release|Any CPU.ActiveCfg = Release|Any CPU
		{B3E97CEC-A4EF-4161-B259-130C74E0DAE1}.Release|Any CPU.Build.0 = Release|Any CPU
		{6E664B02-3D0D-4584-BDC8-EFEFFB642407}.Debug|Any CPU.ActiveCfg = Debug|Any CPU
		{6E664B02-3D0D-4584-BDC8-EFEFFB642407}.Debug|Any CPU.Build.0 = Debug|Any CPU
		{6E664B02-3D0D-4584-BDC8-EFEFFB642407}.Release|Any CPU.ActiveCfg = Release|Any CPU
		{6E664B02-3D0D-4584-BDC8-EFEFFB642407}.Release|Any CPU.Build.0 = Release|Any CPU
		{CF899244-AC15-4585-820D-EA7192999A7A}.Debug|Any CPU.ActiveCfg = Debug|Any CPU
		{CF899244-AC15-4585-820D-EA7192999A7A}.Debug|Any CPU.Build.0 = Debug|Any CPU
		{CF899244-AC15-4585-820D-EA7192999A7A}.Release|Any CPU.ActiveCfg = Release|Any CPU
		{CF899244-AC15-4585-820D-EA7192999A7A}.Release|Any CPU.Build.0 = Release|Any CPU
	EndGlobalSection
	GlobalSection(SolutionProperties) = preSolution
		HideSolutionNode = FALSE
	EndGlobalSection
	GlobalSection(ExtensibilityGlobals) = postSolution
		SolutionGuid = {FDE83BAC-091C-4D49-9540-93EE9DC6A489}
	EndGlobalSection
EndGlobal
