
Microsoft Visual Studio Solution File, Format Version 12.00
# Visual Studio Version 16
VisualStudioVersion = 16.0.29806.167
MinimumVisualStudioVersion = 10.0.40219.1
Project("{FAE04EC0-301F-11D3-BF4B-00C04F79EFBC}") = "CheckBox Exercise", "CheckBox Exercise.csproj", "{82130E57-7557-4B67-9415-21973078213E}"
EndProject
Global
	GlobalSection(SolutionConfigurationPlatforms) = preSolution
		Debug|Any CPU = Debug|Any CPU
		Release|Any CPU = Release|Any CPU
	EndGlobalSection
	GlobalSection(ProjectConfigurationPlatforms) = postSolution
		{82130E57-7557-4B67-9415-21973078213E}.Debug|Any CPU.ActiveCfg = Debug|Any CPU
		{82130E57-7557-4B67-9415-21973078213E}.Debug|Any CPU.Build.0 = Debug|Any CPU
		{82130E57-7557-4B67-9415-21973078213E}.Release|Any CPU.ActiveCfg = Release|Any CPU
		{82130E57-7557-4B67-9415-21973078213E}.Release|Any CPU.Build.0 = Release|Any CPU
	EndGlobalSection
	GlobalSection(SolutionProperties) = preSolution
		HideSolutionNode = FALSE
	EndGlobalSection
	GlobalSection(ExtensibilityGlobals) = postSolution
		SolutionGuid = {254038B9-1C4C-4162-8F36-EDC3832C8B77}
	EndGlobalSection
EndGlobal
