
Microsoft Visual Studio Solution File, Format Version 12.00
# Visual Studio Version 16
VisualStudioVersion = 16.0.30406.217
MinimumVisualStudioVersion = 10.0.40219.1
Project("{9A19103F-16F7-4668-BE54-9A1E7A4F7556}") = "Rest.Service", "Rest.Service\Rest.Service.csproj", "{740864BC-B177-45A1-AE77-01B7E7FF1C67}"
EndProject
Project("{9A19103F-16F7-4668-BE54-9A1E7A4F7556}") = "Rest.Client", "Rest.Client\Rest.Client.csproj", "{52ADC5A7-C7F4-4B97-AAD2-8BFD7672DD87}"
EndProject
Global
	GlobalSection(SolutionConfigurationPlatforms) = preSolution
		Debug|Any CPU = Debug|Any CPU
		Release|Any CPU = Release|Any CPU
	EndGlobalSection
	GlobalSection(ProjectConfigurationPlatforms) = postSolution
		{740864BC-B177-45A1-AE77-01B7E7FF1C67}.Debug|Any CPU.ActiveCfg = Debug|Any CPU
		{740864BC-B177-45A1-AE77-01B7E7FF1C67}.Debug|Any CPU.Build.0 = Debug|Any CPU
		{740864BC-B177-45A1-AE77-01B7E7FF1C67}.Release|Any CPU.ActiveCfg = Release|Any CPU
		{740864BC-B177-45A1-AE77-01B7E7FF1C67}.Release|Any CPU.Build.0 = Release|Any CPU
		{52ADC5A7-C7F4-4B97-AAD2-8BFD7672DD87}.Debug|Any CPU.ActiveCfg = Debug|Any CPU
		{52ADC5A7-C7F4-4B97-AAD2-8BFD7672DD87}.Debug|Any CPU.Build.0 = Debug|Any CPU
		{52ADC5A7-C7F4-4B97-AAD2-8BFD7672DD87}.Release|Any CPU.ActiveCfg = Release|Any CPU
		{52ADC5A7-C7F4-4B97-AAD2-8BFD7672DD87}.Release|Any CPU.Build.0 = Release|Any CPU
	EndGlobalSection
	GlobalSection(SolutionProperties) = preSolution
		HideSolutionNode = FALSE
	EndGlobalSection
	GlobalSection(ExtensibilityGlobals) = postSolution
		SolutionGuid = {D05D8073-E570-47FF-9772-598237F2E124}
	EndGlobalSection
EndGlobal
