
Microsoft Visual Studio Solution File, Format Version 12.00
# Visual Studio Version 16
VisualStudioVersion = 16.0.30406.217
MinimumVisualStudioVersion = 10.0.40219.1
Project("{FAE04EC0-301F-11D3-BF4B-00C04F79EFBC}") = "RestService", "RestService.csproj", "{A72DBD26-C656-4524-AA85-9E6C8771CD6C}"
EndProject
Project("{FAE04EC0-301F-11D3-BF4B-00C04F79EFBC}") = "RestServiceClient", "RestServiceClient\RestServiceClient.csproj", "{D3A420C5-18E0-456E-81BC-E1EB1FCAB5E8}"
EndProject
Global
	GlobalSection(SolutionConfigurationPlatforms) = preSolution
		Debug|Any CPU = Debug|Any CPU
		Release|Any CPU = Release|Any CPU
	EndGlobalSection
	GlobalSection(ProjectConfigurationPlatforms) = postSolution
		{A72DBD26-C656-4524-AA85-9E6C8771CD6C}.Debug|Any CPU.ActiveCfg = Debug|Any CPU
		{A72DBD26-C656-4524-AA85-9E6C8771CD6C}.Debug|Any CPU.Build.0 = Debug|Any CPU
		{A72DBD26-C656-4524-AA85-9E6C8771CD6C}.Release|Any CPU.ActiveCfg = Release|Any CPU
		{A72DBD26-C656-4524-AA85-9E6C8771CD6C}.Release|Any CPU.Build.0 = Release|Any CPU
		{D3A420C5-18E0-456E-81BC-E1EB1FCAB5E8}.Debug|Any CPU.ActiveCfg = Debug|Any CPU
		{D3A420C5-18E0-456E-81BC-E1EB1FCAB5E8}.Debug|Any CPU.Build.0 = Debug|Any CPU
		{D3A420C5-18E0-456E-81BC-E1EB1FCAB5E8}.Release|Any CPU.ActiveCfg = Release|Any CPU
		{D3A420C5-18E0-456E-81BC-E1EB1FCAB5E8}.Release|Any CPU.Build.0 = Release|Any CPU
	EndGlobalSection
	GlobalSection(SolutionProperties) = preSolution
		HideSolutionNode = FALSE
	EndGlobalSection
	GlobalSection(ExtensibilityGlobals) = postSolution
		SolutionGuid = {B1A223A9-C76E-4748-A13E-4C2510A35657}
	EndGlobalSection
EndGlobal
